
Microsoft Visual Studio Solution File, Format Version 12.00
# Visual Studio 15
VisualStudioVersion = 15.0.26124.0
MinimumVisualStudioVersion = 15.0.26124.0
Project("{FAE04EC0-301F-11D3-BF4B-00C04F79EFBC}") = "Domain", "Domain\Domain.csproj", "{5748C288-A7F2-4625-9043-1C8B830D0927}"
EndProject
Project("{FAE04EC0-301F-11D3-BF4B-00C04F79EFBC}") = "Application", "Application\Application.csproj", "{1D2F2712-D11C-42FC-9B44-39B646CFA842}"
EndProject
Project("{FAE04EC0-301F-11D3-BF4B-00C04F79EFBC}") = "API", "API\API.csproj", "{C0B88B74-647E-4F7D-BC3E-9D9973DBBA1A}"
EndProject
Project("{FAE04EC0-301F-11D3-BF4B-00C04F79EFBC}") = "Persistence", "Persistence\Persistence.csproj", "{317431FF-1315-4436-8387-EAF8528962D9}"
EndProject
Global
	GlobalSection(SolutionConfigurationPlatforms) = preSolution
		Debug|Any CPU = Debug|Any CPU
		Debug|x64 = Debug|x64
		Debug|x86 = Debug|x86
		Release|Any CPU = Release|Any CPU
		Release|x64 = Release|x64
		Release|x86 = Release|x86
	EndGlobalSection
	GlobalSection(SolutionProperties) = preSolution
		HideSolutionNode = FALSE
	EndGlobalSection
	GlobalSection(ProjectConfigurationPlatforms) = postSolution
		{5748C288-A7F2-4625-9043-1C8B830D0927}.Debug|Any CPU.ActiveCfg = Debug|Any CPU
		{5748C288-A7F2-4625-9043-1C8B830D0927}.Debug|Any CPU.Build.0 = Debug|Any CPU
		{5748C288-A7F2-4625-9043-1C8B830D0927}.Debug|x64.ActiveCfg = Debug|Any CPU
		{5748C288-A7F2-4625-9043-1C8B830D0927}.Debug|x64.Build.0 = Debug|Any CPU
		{5748C288-A7F2-4625-9043-1C8B830D0927}.Debug|x86.ActiveCfg = Debug|Any CPU
		{5748C288-A7F2-4625-9043-1C8B830D0927}.Debug|x86.Build.0 = Debug|Any CPU
		{5748C288-A7F2-4625-9043-1C8B830D0927}.Release|Any CPU.ActiveCfg = Release|Any CPU
		{5748C288-A7F2-4625-9043-1C8B830D0927}.Release|Any CPU.Build.0 = Release|Any CPU
		{5748C288-A7F2-4625-9043-1C8B830D0927}.Release|x64.ActiveCfg = Release|Any CPU
		{5748C288-A7F2-4625-9043-1C8B830D0927}.Release|x64.Build.0 = Release|Any CPU
		{5748C288-A7F2-4625-9043-1C8B830D0927}.Release|x86.ActiveCfg = Release|Any CPU
		{5748C288-A7F2-4625-9043-1C8B830D0927}.Release|x86.Build.0 = Release|Any CPU
		{1D2F2712-D11C-42FC-9B44-39B646CFA842}.Debug|Any CPU.ActiveCfg = Debug|Any CPU
		{1D2F2712-D11C-42FC-9B44-39B646CFA842}.Debug|Any CPU.Build.0 = Debug|Any CPU
		{1D2F2712-D11C-42FC-9B44-39B646CFA842}.Debug|x64.ActiveCfg = Debug|Any CPU
		{1D2F2712-D11C-42FC-9B44-39B646CFA842}.Debug|x64.Build.0 = Debug|Any CPU
		{1D2F2712-D11C-42FC-9B44-39B646CFA842}.Debug|x86.ActiveCfg = Debug|Any CPU
		{1D2F2712-D11C-42FC-9B44-39B646CFA842}.Debug|x86.Build.0 = Debug|Any CPU
		{1D2F2712-D11C-42FC-9B44-39B646CFA842}.Release|Any CPU.ActiveCfg = Release|Any CPU
		{1D2F2712-D11C-42FC-9B44-39B646CFA842}.Release|Any CPU.Build.0 = Release|Any CPU
		{1D2F2712-D11C-42FC-9B44-39B646CFA842}.Release|x64.ActiveCfg = Release|Any CPU
		{1D2F2712-D11C-42FC-9B44-39B646CFA842}.Release|x64.Build.0 = Release|Any CPU
		{1D2F2712-D11C-42FC-9B44-39B646CFA842}.Release|x86.ActiveCfg = Release|Any CPU
		{1D2F2712-D11C-42FC-9B44-39B646CFA842}.Release|x86.Build.0 = Release|Any CPU
		{C0B88B74-647E-4F7D-BC3E-9D9973DBBA1A}.Debug|Any CPU.ActiveCfg = Debug|Any CPU
		{C0B88B74-647E-4F7D-BC3E-9D9973DBBA1A}.Debug|Any CPU.Build.0 = Debug|Any CPU
		{C0B88B74-647E-4F7D-BC3E-9D9973DBBA1A}.Debug|x64.ActiveCfg = Debug|Any CPU
		{C0B88B74-647E-4F7D-BC3E-9D9973DBBA1A}.Debug|x64.Build.0 = Debug|Any CPU
		{C0B88B74-647E-4F7D-BC3E-9D9973DBBA1A}.Debug|x86.ActiveCfg = Debug|Any CPU
		{C0B88B74-647E-4F7D-BC3E-9D9973DBBA1A}.Debug|x86.Build.0 = Debug|Any CPU
		{C0B88B74-647E-4F7D-BC3E-9D9973DBBA1A}.Release|Any CPU.ActiveCfg = Release|Any CPU
		{C0B88B74-647E-4F7D-BC3E-9D9973DBBA1A}.Release|Any CPU.Build.0 = Release|Any CPU
		{C0B88B74-647E-4F7D-BC3E-9D9973DBBA1A}.Release|x64.ActiveCfg = Release|Any CPU
		{C0B88B74-647E-4F7D-BC3E-9D9973DBBA1A}.Release|x64.Build.0 = Release|Any CPU
		{C0B88B74-647E-4F7D-BC3E-9D9973DBBA1A}.Release|x86.ActiveCfg = Release|Any CPU
		{C0B88B74-647E-4F7D-BC3E-9D9973DBBA1A}.Release|x86.Build.0 = Release|Any CPU
		{317431FF-1315-4436-8387-EAF8528962D9}.Debug|Any CPU.ActiveCfg = Debug|Any CPU
		{317431FF-1315-4436-8387-EAF8528962D9}.Debug|Any CPU.Build.0 = Debug|Any CPU
		{317431FF-1315-4436-8387-EAF8528962D9}.Debug|x64.ActiveCfg = Debug|Any CPU
		{317431FF-1315-4436-8387-EAF8528962D9}.Debug|x64.Build.0 = Debug|Any CPU
		{317431FF-1315-4436-8387-EAF8528962D9}.Debug|x86.ActiveCfg = Debug|Any CPU
		{317431FF-1315-4436-8387-EAF8528962D9}.Debug|x86.Build.0 = Debug|Any CPU
		{317431FF-1315-4436-8387-EAF8528962D9}.Release|Any CPU.ActiveCfg = Release|Any CPU
		{317431FF-1315-4436-8387-EAF8528962D9}.Release|Any CPU.Build.0 = Release|Any CPU
		{317431FF-1315-4436-8387-EAF8528962D9}.Release|x64.ActiveCfg = Release|Any CPU
		{317431FF-1315-4436-8387-EAF8528962D9}.Release|x64.Build.0 = Release|Any CPU
		{317431FF-1315-4436-8387-EAF8528962D9}.Release|x86.ActiveCfg = Release|Any CPU
		{317431FF-1315-4436-8387-EAF8528962D9}.Release|x86.Build.0 = Release|Any CPU
	EndGlobalSection
EndGlobal
